{
  "nodes": {
    "caelestia-shell": {
      "inputs": {
        "caelestia-cli": [],
        "nixpkgs": [
          "nixpkgs"
        ],
        "quickshell": "quickshell"
      },
      "locked": {
        "lastModified": 1778065483,
        "narHash": "sha256-o16Q7F9BjZFIPKDis/w/aBbSY6hZRPP/svS8GJ1xuoM=",
        "owner": "caelestia-dots",
        "repo": "shell",
        "rev": "4763a690cd41ba8c13e69d89a0d2d655332d1e89",
        "type": "github"
      },
      "original": {
        "owner": "caelestia-dots",
        "repo": "shell",
        "type": "github"
      }
    },
    "nixpkgs": {
      "locked": {
        "lastModified": 1777954456,
        "narHash": "sha256-hGdgeU2Nk87RAuZyYjyDjFL6LK7dAZN5RE9+hrDTkDU=",
        "owner": "nixos",
        "repo": "nixpkgs",
        "rev": "549bd84d6279f9852cae6225e372cc67fb91a4c1",
        "type": "github"
      },
      "original": {
        "owner": "nixos",
        "ref": "nixos-unstable",
        "repo": "nixpkgs",
        "type": "github"
      }
    },
    "quickshell": {
      "inputs": {
        "nixpkgs": [
          "caelestia-shell",
          "nixpkgs"
        ]
      },
      "locked": {
        "lastModified": 1777706159,
        "narHash": "sha256-TuD8hw9lkRCEb+6v93iB7HDvcmvH8R0qyD6wBmPGfv8=",
        "ref": "refs/heads/master",
        "rev": "8db8ca1fecfcce8def1f9265fa1742baa0e0c271",
        "revCount": 813,
        "type": "git",
        "url": "https://git.outfoxxed.me/outfoxxed/quickshell"
      },
      "original": {
        "type": "git",
        "url": "https://git.outfoxxed.me/outfoxxed/quickshell"
      }
    },
    "root": {
      "inputs": {
        "caelestia-shell": "caelestia-shell",
        "nixpkgs": "nixpkgs"
      }
    }
  },
  "root": "root",
  "version": 7
}
